// !$*UTF8*$!
{
	archiveVersion = 1;
	classes = {
	};
	objectVersion = 56;
	objects = {

/* Begin PBXBuildFile section */
		453E56D22B4C83FF0065A552 /* TeaWatch Watch App.app in Embed Watch Content */ = {isa = PBXBuildFile; fileRef = 453E56D12B4C83FF0065A552 /* TeaWatch Watch App.app */; settings = {ATTRIBUTES = (RemoveHeadersOnCopy, ); }; };
		453E56D72B4C83FF0065A552 /* TeaWatchApp.swift in Sources */ = {isa = PBXBuildFile; fileRef = 453E56D62B4C83FF0065A552 /* TeaWatchApp.swift */; };
		453E56D92B4C83FF0065A552 /* ContentView.swift in Sources */ = {isa = PBXBuildFile; fileRef = 453E56D82B4C83FF0065A552 /* ContentView.swift */; };
		453E56DB2B4C84010065A552 /* Assets.xcassets in Resources */ = {isa = PBXBuildFile; fileRef = 453E56DA2B4C84010065A552 /* Assets.xcassets */; };
		453E56DE2B4C84010065A552 /* Preview Assets.xcassets in Resources */ = {isa = PBXBuildFile; fileRef = 453E56DD2B4C84010065A552 /* Preview Assets.xcassets */; };
		453E56E92B4C8A280065A552 /* CustomButton.swift in Sources */ = {isa = PBXBuildFile; fileRef = 453E56E82B4C8A280065A552 /* CustomButton.swift */; };
		453E56EB2B4C8C770065A552 /* TeaListModel.swift in Sources */ = {isa = PBXBuildFile; fileRef = 453E56EA2B4C8C770065A552 /* TeaListModel.swift */; };
		453E56ED2B4C8CB80065A552 /* TeaList.swift in Sources */ = {isa = PBXBuildFile; fileRef = 453E56EC2B4C8CB80065A552 /* TeaList.swift */; };
		453E56EF2B4C8F3B0065A552 /* TeaSendMessageView.swift in Sources */ = {isa = PBXBuildFile; fileRef = 453E56EE2B4C8F3B0065A552 /* TeaSendMessageView.swift */; };
		453E56F52B4C93630065A552 /* Endpoint.swift in Sources */ = {isa = PBXBuildFile; fileRef = 453E56F42B4C93630065A552 /* Endpoint.swift */; };
		453E56F82B4C937D0065A552 /* NetworkError.swift in Sources */ = {isa = PBXBuildFile; fileRef = 453E56F72B4C937D0065A552 /* NetworkError.swift */; };
		453E56FA2B4C93880065A552 /* NetworkManager.swift in Sources */ = {isa = PBXBuildFile; fileRef = 453E56F92B4C93880065A552 /* NetworkManager.swift */; };
		453E56FD2B4C956D0065A552 /* TeaSendMessageViewModel.swift in Sources */ = {isa = PBXBuildFile; fileRef = 453E56FC2B4C956D0065A552 /* TeaSendMessageViewModel.swift */; };
		453E56FF2B4C95920065A552 /* TeaSendMessageService.swift in Sources */ = {isa = PBXBuildFile; fileRef = 453E56FE2B4C95920065A552 /* TeaSendMessageService.swift */; };
		453E57012B4C969F0065A552 /* TeaResultModel.swift in Sources */ = {isa = PBXBuildFile; fileRef = 453E57002B4C969F0065A552 /* TeaResultModel.swift */; };
		4553DE362B4D10C400282403 /* CircularBar.swift in Sources */ = {isa = PBXBuildFile; fileRef = 4553DE352B4D10C400282403 /* CircularBar.swift */; };
		4553DE382B4D110200282403 /* DetailView.swift in Sources */ = {isa = PBXBuildFile; fileRef = 4553DE372B4D110200282403 /* DetailView.swift */; };
		4553DE3B2B4D32CD00282403 /* SocketIO in Frameworks */ = {isa = PBXBuildFile; productRef = 4553DE3A2B4D32CD00282403 /* SocketIO */; };
		4553DE3E2B4D357000282403 /* Socket.swift in Sources */ = {isa = PBXBuildFile; fileRef = 4553DE3D2B4D357000282403 /* Socket.swift */; };
		4553DE412B4D361A00282403 /* Constants.swift in Sources */ = {isa = PBXBuildFile; fileRef = 4553DE402B4D361A00282403 /* Constants.swift */; };
		4553DE432B4D43A400282403 /* SocketViewModel.swift in Sources */ = {isa = PBXBuildFile; fileRef = 4553DE422B4D43A400282403 /* SocketViewModel.swift */; };
/* End PBXBuildFile section */

/* Begin PBXContainerItemProxy section */
		453E56D32B4C83FF0065A552 /* PBXContainerItemProxy */ = {
			isa = PBXContainerItemProxy;
			containerPortal = 453E56C52B4C83FF0065A552 /* Project object */;
			proxyType = 1;
			remoteGlobalIDString = 453E56D02B4C83FF0065A552;
			remoteInfo = "TeaWatch Watch App";
		};
/* End PBXContainerItemProxy section */

/* Begin PBXCopyFilesBuildPhase section */
		453E56E42B4C84010065A552 /* Embed Watch Content */ = {
			isa = PBXCopyFilesBuildPhase;
			buildActionMask = 2147483647;
			dstPath = "$(CONTENTS_FOLDER_PATH)/Watch";
			dstSubfolderSpec = 16;
			files = (
				453E56D22B4C83FF0065A552 /* TeaWatch Watch App.app in Embed Watch Content */,
			);
			name = "Embed Watch Content";
			runOnlyForDeploymentPostprocessing = 0;
		};
/* End PBXCopyFilesBuildPhase section */

/* Begin PBXFileReference section */
		453E56CB2B4C83FF0065A552 /* TeaWatch.app */ = {isa = PBXFileReference; explicitFileType = wrapper.application; includeInIndex = 0; path = TeaWatch.app; sourceTree = BUILT_PRODUCTS_DIR; };
		453E56D12B4C83FF0065A552 /* TeaWatch Watch App.app */ = {isa = PBXFileReference; explicitFileType = wrapper.application; includeInIndex = 0; path = "TeaWatch Watch App.app"; sourceTree = BUILT_PRODUCTS_DIR; };
		453E56D62B4C83FF0065A552 /* TeaWatchApp.swift */ = {isa = PBXFileReference; lastKnownFileType = sourcecode.swift; path = TeaWatchApp.swift; sourceTree = "<group>"; };
		453E56D82B4C83FF0065A552 /* ContentView.swift */ = {isa = PBXFileReference; lastKnownFileType = sourcecode.swift; path = ContentView.swift; sourceTree = "<group>"; };
		453E56DA2B4C84010065A552 /* Assets.xcassets */ = {isa = PBXFileReference; lastKnownFileType = folder.assetcatalog; path = Assets.xcassets; sourceTree = "<group>"; };
		453E56DD2B4C84010065A552 /* Preview Assets.xcassets */ = {isa = PBXFileReference; lastKnownFileType = folder.assetcatalog; path = "Preview Assets.xcassets"; sourceTree = "<group>"; };
		453E56E82B4C8A280065A552 /* CustomButton.swift */ = {isa = PBXFileReference; lastKnownFileType = sourcecode.swift; path = CustomButton.swift; sourceTree = "<group>"; };
		453E56EA2B4C8C770065A552 /* TeaListModel.swift */ = {isa = PBXFileReference; lastKnownFileType = sourcecode.swift; path = TeaListModel.swift; sourceTree = "<group>"; };
		453E56EC2B4C8CB80065A552 /* TeaList.swift */ = {isa = PBXFileReference; lastKnownFileType = sourcecode.swift; path = TeaList.swift; sourceTree = "<group>"; };
		453E56EE2B4C8F3B0065A552 /* TeaSendMessageView.swift */ = {isa = PBXFileReference; lastKnownFileType = sourcecode.swift; path = TeaSendMessageView.swift; sourceTree = "<group>"; };
		453E56F42B4C93630065A552 /* Endpoint.swift */ = {isa = PBXFileReference; lastKnownFileType = sourcecode.swift; path = Endpoint.swift; sourceTree = "<group>"; };
		453E56F72B4C937D0065A552 /* NetworkError.swift */ = {isa = PBXFileReference; lastKnownFileType = sourcecode.swift; path = NetworkError.swift; sourceTree = "<group>"; };
		453E56F92B4C93880065A552 /* NetworkManager.swift */ = {isa = PBXFileReference; lastKnownFileType = sourcecode.swift; path = NetworkManager.swift; sourceTree = "<group>"; };
		453E56FC2B4C956D0065A552 /* TeaSendMessageViewModel.swift */ = {isa = PBXFileReference; lastKnownFileType = sourcecode.swift; path = TeaSendMessageViewModel.swift; sourceTree = "<group>"; };
		453E56FE2B4C95920065A552 /* TeaSendMessageService.swift */ = {isa = PBXFileReference; lastKnownFileType = sourcecode.swift; path = TeaSendMessageService.swift; sourceTree = "<group>"; };
		453E57002B4C969F0065A552 /* TeaResultModel.swift */ = {isa = PBXFileReference; lastKnownFileType = sourcecode.swift; path = TeaResultModel.swift; sourceTree = "<group>"; };
		4553DE352B4D10C400282403 /* CircularBar.swift */ = {isa = PBXFileReference; lastKnownFileType = sourcecode.swift; path = CircularBar.swift; sourceTree = "<group>"; };
		4553DE372B4D110200282403 /* DetailView.swift */ = {isa = PBXFileReference; lastKnownFileType = sourcecode.swift; path = DetailView.swift; sourceTree = "<group>"; };
		4553DE3D2B4D357000282403 /* Socket.swift */ = {isa = PBXFileReference; lastKnownFileType = sourcecode.swift; path = Socket.swift; sourceTree = "<group>"; };
		4553DE402B4D361A00282403 /* Constants.swift */ = {isa = PBXFileReference; lastKnownFileType = sourcecode.swift; path = Constants.swift; sourceTree = "<group>"; };
		4553DE422B4D43A400282403 /* SocketViewModel.swift */ = {isa = PBXFileReference; lastKnownFileType = sourcecode.swift; path = SocketViewModel.swift; sourceTree = "<group>"; };
/* End PBXFileReference section */

/* Begin PBXFrameworksBuildPhase section */
		453E56CE2B4C83FF0065A552 /* Frameworks */ = {
			isa = PBXFrameworksBuildPhase;
			buildActionMask = 2147483647;
			files = (
				4553DE3B2B4D32CD00282403 /* SocketIO in Frameworks */,
			);
			runOnlyForDeploymentPostprocessing = 0;
		};
/* End PBXFrameworksBuildPhase section */

/* Begin PBXGroup section */
		453E56C42B4C83FF0065A552 = {
			isa = PBXGroup;
			children = (
				453E56D52B4C83FF0065A552 /* TeaWatch Watch App */,
				453E56CC2B4C83FF0065A552 /* Products */,
			);
			sourceTree = "<group>";
		};
		453E56CC2B4C83FF0065A552 /* Products */ = {
			isa = PBXGroup;
			children = (
				453E56CB2B4C83FF0065A552 /* TeaWatch.app */,
				453E56D12B4C83FF0065A552 /* TeaWatch Watch App.app */,
			);
			name = Products;
			sourceTree = "<group>";
		};
		453E56D52B4C83FF0065A552 /* TeaWatch Watch App */ = {
			isa = PBXGroup;
			children = (
				4553DE3F2B4D35FC00282403 /* Helper */,
				4553DE3C2B4D353200282403 /* Socket */,
				453E56FB2B4C93EA0065A552 /* ViewModels */,
				453E56F32B4C93540065A552 /* Network */,
				453E56F22B4C934B0065A552 /* Services */,
				453E56F12B4C91C80065A552 /* Views */,
				453E56F02B4C91C10065A552 /* Models */,
				453E56D62B4C83FF0065A552 /* TeaWatchApp.swift */,
				453E56DA2B4C84010065A552 /* Assets.xcassets */,
				453E56DC2B4C84010065A552 /* Preview Content */,
			);
			path = "TeaWatch Watch App";
			sourceTree = "<group>";
		};
		453E56DC2B4C84010065A552 /* Preview Content */ = {
			isa = PBXGroup;
			children = (
				453E56DD2B4C84010065A552 /* Preview Assets.xcassets */,
			);
			path = "Preview Content";
			sourceTree = "<group>";
		};
		453E56F02B4C91C10065A552 /* Models */ = {
			isa = PBXGroup;
			children = (
				453E56EA2B4C8C770065A552 /* TeaListModel.swift */,
				453E57002B4C969F0065A552 /* TeaResultModel.swift */,
			);
			path = Models;
			sourceTree = "<group>";
		};
		453E56F12B4C91C80065A552 /* Views */ = {
			isa = PBXGroup;
			children = (
				453E56EE2B4C8F3B0065A552 /* TeaSendMessageView.swift */,
				453E56EC2B4C8CB80065A552 /* TeaList.swift */,
				453E56D82B4C83FF0065A552 /* ContentView.swift */,
				453E56E82B4C8A280065A552 /* CustomButton.swift */,
				4553DE352B4D10C400282403 /* CircularBar.swift */,
				4553DE372B4D110200282403 /* DetailView.swift */,
			);
			path = Views;
			sourceTree = "<group>";
		};
		453E56F22B4C934B0065A552 /* Services */ = {
			isa = PBXGroup;
			children = (
				453E56FE2B4C95920065A552 /* TeaSendMessageService.swift */,
			);
			path = Services;
			sourceTree = "<group>";
		};
		453E56F32B4C93540065A552 /* Network */ = {
			isa = PBXGroup;
			children = (
				453E56F42B4C93630065A552 /* Endpoint.swift */,
				453E56F72B4C937D0065A552 /* NetworkError.swift */,
				453E56F92B4C93880065A552 /* NetworkManager.swift */,
			);
			path = Network;
			sourceTree = "<group>";
		};
		453E56FB2B4C93EA0065A552 /* ViewModels */ = {
			isa = PBXGroup;
			children = (
				453E56FC2B4C956D0065A552 /* TeaSendMessageViewModel.swift */,
				4553DE422B4D43A400282403 /* SocketViewModel.swift */,
			);
			path = ViewModels;
			sourceTree = "<group>";
		};
		4553DE3C2B4D353200282403 /* Socket */ = {
			isa = PBXGroup;
			children = (
				4553DE3D2B4D357000282403 /* Socket.swift */,
			);
			path = Socket;
			sourceTree = "<group>";
		};
		4553DE3F2B4D35FC00282403 /* Helper */ = {
			isa = PBXGroup;
			children = (
				4553DE402B4D361A00282403 /* Constants.swift */,
			);
			path = Helper;
			sourceTree = "<group>";
		};
/* End PBXGroup section */

/* Begin PBXNativeTarget section */
		453E56CA2B4C83FF0065A552 /* TeaWatch */ = {
			isa = PBXNativeTarget;
			buildConfigurationList = 453E56E52B4C84010065A552 /* Build configuration list for PBXNativeTarget "TeaWatch" */;
			buildPhases = (
				453E56C92B4C83FF0065A552 /* Resources */,
				453E56E42B4C84010065A552 /* Embed Watch Content */,
			);
			buildRules = (
			);
			dependencies = (
				453E56D42B4C83FF0065A552 /* PBXTargetDependency */,
			);
			name = TeaWatch;
			productName = TeaWatch;
			productReference = 453E56CB2B4C83FF0065A552 /* TeaWatch.app */;
			productType = "com.apple.product-type.application.watchapp2-container";
		};
		453E56D02B4C83FF0065A552 /* TeaWatch Watch App */ = {
			isa = PBXNativeTarget;
			buildConfigurationList = 453E56E12B4C84010065A552 /* Build configuration list for PBXNativeTarget "TeaWatch Watch App" */;
			buildPhases = (
				453E56CD2B4C83FF0065A552 /* Sources */,
				453E56CE2B4C83FF0065A552 /* Frameworks */,
				453E56CF2B4C83FF0065A552 /* Resources */,
			);
			buildRules = (
			);
			dependencies = (
			);
			name = "TeaWatch Watch App";
			packageProductDependencies = (
				4553DE3A2B4D32CD00282403 /* SocketIO */,
			);
			productName = "TeaWatch Watch App";
			productReference = 453E56D12B4C83FF0065A552 /* TeaWatch Watch App.app */;
			productType = "com.apple.product-type.application";
		};
/* End PBXNativeTarget section */

/* Begin PBXProject section */
		453E56C52B4C83FF0065A552 /* Project object */ = {
			isa = PBXProject;
			attributes = {
				BuildIndependentTargetsInParallel = 1;
				LastSwiftUpdateCheck = 1510;
				LastUpgradeCheck = 1510;
				TargetAttributes = {
					453E56CA2B4C83FF0065A552 = {
						CreatedOnToolsVersion = 15.1;
					};
					453E56D02B4C83FF0065A552 = {
						CreatedOnToolsVersion = 15.1;
					};
				};
			};
			buildConfigurationList = 453E56C82B4C83FF0065A552 /* Build configuration list for PBXProject "TeaWatch" */;
			compatibilityVersion = "Xcode 14.0";
			developmentRegion = en;
			hasScannedForEncodings = 0;
			knownRegions = (
				en,
				Base,
			);
			mainGroup = 453E56C42B4C83FF0065A552;
			packageReferences = (
				4553DE392B4D32CD00282403 /* XCRemoteSwiftPackageReference "socket" */,
			);
			productRefGroup = 453E56CC2B4C83FF0065A552 /* Products */;
			projectDirPath = "";
			projectRoot = "";
			targets = (
				453E56CA2B4C83FF0065A552 /* TeaWatch */,
				453E56D02B4C83FF0065A552 /* TeaWatch Watch App */,
			);
		};
/* End PBXProject section */

/* Begin PBXResourcesBuildPhase section */
		453E56C92B4C83FF0065A552 /* Resources */ = {
			isa = PBXResourcesBuildPhase;
			buildActionMask = 2147483647;
			files = (
			);
			runOnlyForDeploymentPostprocessing = 0;
		};
		453E56CF2B4C83FF0065A552 /* Resources */ = {
			isa = PBXResourcesBuildPhase;
			buildActionMask = 2147483647;
			files = (
				453E56DE2B4C84010065A552 /* Preview Assets.xcassets in Resources */,
				453E56DB2B4C84010065A552 /* Assets.xcassets in Resources */,
			);
			runOnlyForDeploymentPostprocessing = 0;
		};
/* End PBXResourcesBuildPhase section */

/* Begin PBXSourcesBuildPhase section */
		453E56CD2B4C83FF0065A552 /* Sources */ = {
			isa = PBXSourcesBuildPhase;
			buildActionMask = 2147483647;
			files = (
				4553DE362B4D10C400282403 /* CircularBar.swift in Sources */,
				453E56FA2B4C93880065A552 /* NetworkManager.swift in Sources */,
				4553DE3E2B4D357000282403 /* Socket.swift in Sources */,
				453E56F52B4C93630065A552 /* Endpoint.swift in Sources */,
				4553DE382B4D110200282403 /* DetailView.swift in Sources */,
				453E56F82B4C937D0065A552 /* NetworkError.swift in Sources */,
				453E56D92B4C83FF0065A552 /* ContentView.swift in Sources */,
				4553DE412B4D361A00282403 /* Constants.swift in Sources */,
				453E56ED2B4C8CB80065A552 /* TeaList.swift in Sources */,
				453E56EB2B4C8C770065A552 /* TeaListModel.swift in Sources */,
				453E56EF2B4C8F3B0065A552 /* TeaSendMessageView.swift in Sources */,
				453E56D72B4C83FF0065A552 /* TeaWatchApp.swift in Sources */,
				453E56E92B4C8A280065A552 /* CustomButton.swift in Sources */,
				453E57012B4C969F0065A552 /* TeaResultModel.swift in Sources */,
				453E56FD2B4C956D0065A552 /* TeaSendMessageViewModel.swift in Sources */,
				4553DE432B4D43A400282403 /* SocketViewModel.swift in Sources */,
				453E56FF2B4C95920065A552 /* TeaSendMessageService.swift in Sources */,
			);
			runOnlyForDeploymentPostprocessing = 0;
		};
/* End PBXSourcesBuildPhase section */

/* Begin PBXTargetDependency section */
		453E56D42B4C83FF0065A552 /* PBXTargetDependency */ = {
			isa = PBXTargetDependency;
			target = 453E56D02B4C83FF0065A552 /* TeaWatch Watch App */;
			targetProxy = 453E56D32B4C83FF0065A552 /* PBXContainerItemProxy */;
		};
/* End PBXTargetDependency section */

/* Begin XCBuildConfiguration section */
		453E56DF2B4C84010065A552 /* Debug */ = {
			isa = XCBuildConfiguration;
			buildSettings = {
				ALWAYS_SEARCH_USER_PATHS = NO;
				ASSETCATALOG_COMPILER_GENERATE_SWIFT_ASSET_SYMBOL_EXTENSIONS = YES;
				CLANG_ANALYZER_NONNULL = YES;
				CLANG_ANALYZER_NUMBER_OBJECT_CONVERSION = YES_AGGRESSIVE;
				CLANG_CXX_LANGUAGE_STANDARD = "gnu++20";
				CLANG_ENABLE_MODULES = YES;
				CLANG_ENABLE_OBJC_ARC = YES;
				CLANG_ENABLE_OBJC_WEAK = YES;
				CLANG_WARN_BLOCK_CAPTURE_AUTORELEASING = YES;
				CLANG_WARN_BOOL_CONVERSION = YES;
				CLANG_WARN_COMMA = YES;
				CLANG_WARN_CONSTANT_CONVERSION = YES;
				CLANG_WARN_DEPRECATED_OBJC_IMPLEMENTATIONS = YES;
				CLANG_WARN_DIRECT_OBJC_ISA_USAGE = YES_ERROR;
				CLANG_WARN_DOCUMENTATION_COMMENTS = YES;
				CLANG_WARN_EMPTY_BODY = YES;
				CLANG_WARN_ENUM_CONVERSION = YES;
				CLANG_WARN_INFINITE_RECURSION = YES;
				CLANG_WARN_INT_CONVERSION = YES;
				CLANG_WARN_NON_LITERAL_NULL_CONVERSION = YES;
				CLANG_WARN_OBJC_IMPLICIT_RETAIN_SELF = YES;
				CLANG_WARN_OBJC_LITERAL_CONVERSION = YES;
				CLANG_WARN_OBJC_ROOT_CLASS = YES_ERROR;
				CLANG_WARN_QUOTED_INCLUDE_IN_FRAMEWORK_HEADER = YES;
				CLANG_WARN_RANGE_LOOP_ANALYSIS = YES;
				CLANG_WARN_STRICT_PROTOTYPES = YES;
				CLANG_WARN_SUSPICIOUS_MOVE = YES;
				CLANG_WARN_UNGUARDED_AVAILABILITY = YES_AGGRESSIVE;
				CLANG_WARN_UNREACHABLE_CODE = YES;
				CLANG_WARN__DUPLICATE_METHOD_MATCH = YES;
				COPY_PHASE_STRIP = NO;
				DEBUG_INFORMATION_FORMAT = dwarf;
				ENABLE_STRICT_OBJC_MSGSEND = YES;
				ENABLE_TESTABILITY = YES;
				ENABLE_USER_SCRIPT_SANDBOXING = YES;
				GCC_C_LANGUAGE_STANDARD = gnu17;
				GCC_DYNAMIC_NO_PIC = NO;
				GCC_NO_COMMON_BLOCKS = YES;
				GCC_OPTIMIZATION_LEVEL = 0;
				GCC_PREPROCESSOR_DEFINITIONS = (
					"DEBUG=1",
					"$(inherited)",
				);
				GCC_WARN_64_TO_32_BIT_CONVERSION = YES;
				GCC_WARN_ABOUT_RETURN_TYPE = YES_ERROR;
				GCC_WARN_UNDECLARED_SELECTOR = YES;
				GCC_WARN_UNINITIALIZED_AUTOS = YES_AGGRESSIVE;
				GCC_WARN_UNUSED_FUNCTION = YES;
				GCC_WARN_UNUSED_VARIABLE = YES;
				LOCALIZATION_PREFERS_STRING_CATALOGS = YES;
				MTL_ENABLE_DEBUG_INFO = INCLUDE_SOURCE;
				MTL_FAST_MATH = YES;
				ONLY_ACTIVE_ARCH = YES;
				SWIFT_ACTIVE_COMPILATION_CONDITIONS = "DEBUG $(inherited)";
				SWIFT_OPTIMIZATION_LEVEL = "-Onone";
			};
			name = Debug;
		};
		453E56E02B4C84010065A552 /* Release */ = {
			isa = XCBuildConfiguration;
			buildSettings = {
				ALWAYS_SEARCH_USER_PATHS = NO;
				ASSETCATALOG_COMPILER_GENERATE_SWIFT_ASSET_SYMBOL_EXTENSIONS = YES;
				CLANG_ANALYZER_NONNULL = YES;
				CLANG_ANALYZER_NUMBER_OBJECT_CONVERSION = YES_AGGRESSIVE;
				CLANG_CXX_LANGUAGE_STANDARD = "gnu++20";
				CLANG_ENABLE_MODULES = YES;
				CLANG_ENABLE_OBJC_ARC = YES;
				CLANG_ENABLE_OBJC_WEAK = YES;
				CLANG_WARN_BLOCK_CAPTURE_AUTORELEASING = YES;
				CLANG_WARN_BOOL_CONVERSION = YES;
				CLANG_WARN_COMMA = YES;
				CLANG_WARN_CONSTANT_CONVERSION = YES;
				CLANG_WARN_DEPRECATED_OBJC_IMPLEMENTATIONS = YES;
				CLANG_WARN_DIRECT_OBJC_ISA_USAGE = YES_ERROR;
				CLANG_WARN_DOCUMENTATION_COMMENTS = YES;
				CLANG_WARN_EMPTY_BODY = YES;
				CLANG_WARN_ENUM_CONVERSION = YES;
				CLANG_WARN_INFINITE_RECURSION = YES;
				CLANG_WARN_INT_CONVERSION = YES;
				CLANG_WARN_NON_LITERAL_NULL_CONVERSION = YES;
				CLANG_WARN_OBJC_IMPLICIT_RETAIN_SELF = YES;
				CLANG_WARN_OBJC_LITERAL_CONVERSION = YES;
				CLANG_WARN_OBJC_ROOT_CLASS = YES_ERROR;
				CLANG_WARN_QUOTED_INCLUDE_IN_FRAMEWORK_HEADER = YES;
				CLANG_WARN_RANGE_LOOP_ANALYSIS = YES;
				CLANG_WARN_STRICT_PROTOTYPES = YES;
				CLANG_WARN_SUSPICIOUS_MOVE = YES;
				CLANG_WARN_UNGUARDED_AVAILABILITY = YES_AGGRESSIVE;
				CLANG_WARN_UNREACHABLE_CODE = YES;
				CLANG_WARN__DUPLICATE_METHOD_MATCH = YES;
				COPY_PHASE_STRIP = NO;
				DEBUG_INFORMATION_FORMAT = "dwarf-with-dsym";
				ENABLE_NS_ASSERTIONS = NO;
				ENABLE_STRICT_OBJC_MSGSEND = YES;
				ENABLE_USER_SCRIPT_SANDBOXING = YES;
				GCC_C_LANGUAGE_STANDARD = gnu17;
				GCC_NO_COMMON_BLOCKS = YES;
				GCC_WARN_64_TO_32_BIT_CONVERSION = YES;
				GCC_WARN_ABOUT_RETURN_TYPE = YES_ERROR;
				GCC_WARN_UNDECLARED_SELECTOR = YES;
				GCC_WARN_UNINITIALIZED_AUTOS = YES_AGGRESSIVE;
				GCC_WARN_UNUSED_FUNCTION = YES;
				GCC_WARN_UNUSED_VARIABLE = YES;
				LOCALIZATION_PREFERS_STRING_CATALOGS = YES;
				MTL_ENABLE_DEBUG_INFO = NO;
				MTL_FAST_MATH = YES;
				SWIFT_COMPILATION_MODE = wholemodule;
			};
			name = Release;
		};
		453E56E22B4C84010065A552 /* Debug */ = {
			isa = XCBuildConfiguration;
			buildSettings = {
				ASSETCATALOG_COMPILER_APPICON_NAME = AppIcon;
				ASSETCATALOG_COMPILER_GLOBAL_ACCENT_COLOR_NAME = AccentColor;
				CODE_SIGN_STYLE = Automatic;
				CURRENT_PROJECT_VERSION = 1;
				DEVELOPMENT_ASSET_PATHS = "\"TeaWatch Watch App/Preview Content\"";
				DEVELOPMENT_TEAM = AGRWJDL2WT;
				ENABLE_PREVIEWS = YES;
				GENERATE_INFOPLIST_FILE = YES;
				INFOPLIST_KEY_CFBundleDisplayName = TeaWatch;
				INFOPLIST_KEY_UISupportedInterfaceOrientations = "UIInterfaceOrientationPortrait UIInterfaceOrientationPortraitUpsideDown";
				INFOPLIST_KEY_WKWatchOnly = YES;
				LD_RUNPATH_SEARCH_PATHS = (
					"$(inherited)",
					"@executable_path/Frameworks",
				);
				MARKETING_VERSION = 1.0;
				PRODUCT_BUNDLE_IDENTIFIER = batuhankucukyildiz.TeaWatch.watchkitapp;
				PRODUCT_NAME = "$(TARGET_NAME)";
				SDKROOT = watchos;
				SKIP_INSTALL = YES;
				SWIFT_EMIT_LOC_STRINGS = YES;
				SWIFT_VERSION = 5.0;
				TARGETED_DEVICE_FAMILY = 4;
				WATCHOS_DEPLOYMENT_TARGET = 10.2;
			};
			name = Debug;
		};
		453E56E32B4C84010065A552 /* Release */ = {
			isa = XCBuildConfiguration;
			buildSettings = {
				ASSETCATALOG_COMPILER_APPICON_NAME = AppIcon;
				ASSETCATALOG_COMPILER_GLOBAL_ACCENT_COLOR_NAME = AccentColor;
				CODE_SIGN_STYLE = Automatic;
				CURRENT_PROJECT_VERSION = 1;
				DEVELOPMENT_ASSET_PATHS = "\"TeaWatch Watch App/Preview Content\"";
				DEVELOPMENT_TEAM = AGRWJDL2WT;
				ENABLE_PREVIEWS = YES;
				GENERATE_INFOPLIST_FILE = YES;
				INFOPLIST_KEY_CFBundleDisplayName = TeaWatch;
				INFOPLIST_KEY_UISupportedInterfaceOrientations = "UIInterfaceOrientationPortrait UIInterfaceOrientationPortraitUpsideDown";
				INFOPLIST_KEY_WKWatchOnly = YES;
				LD_RUNPATH_SEARCH_PATHS = (
					"$(inherited)",
					"@executable_path/Frameworks",
				);
				MARKETING_VERSION = 1.0;
				PRODUCT_BUNDLE_IDENTIFIER = batuhankucukyildiz.TeaWatch.watchkitapp;
				PRODUCT_NAME = "$(TARGET_NAME)";
				SDKROOT = watchos;
				SKIP_INSTALL = YES;
				SWIFT_EMIT_LOC_STRINGS = YES;
				SWIFT_VERSION = 5.0;
				TARGETED_DEVICE_FAMILY = 4;
				VALIDATE_PRODUCT = YES;
				WATCHOS_DEPLOYMENT_TARGET = 10.2;
			};
			name = Release;
		};
		453E56E62B4C84010065A552 /* Debug */ = {
			isa = XCBuildConfiguration;
			buildSettings = {
				ALWAYS_EMBED_SWIFT_STANDARD_LIBRARIES = YES;
				CODE_SIGN_STYLE = Automatic;
				CURRENT_PROJECT_VERSION = 1;
				DEVELOPMENT_TEAM = AGRWJDL2WT;
				INFOPLIST_KEY_CFBundleDisplayName = TeaWatch;
				MARKETING_VERSION = 1.0;
				PRODUCT_BUNDLE_IDENTIFIER = batuhankucukyildiz.TeaWatch;
				PRODUCT_NAME = "$(TARGET_NAME)";
				SDKROOT = iphoneos;
				SWIFT_VERSION = 5.0;
			};
			name = Debug;
		};
		453E56E72B4C84010065A552 /* Release */ = {
			isa = XCBuildConfiguration;
			buildSettings = {
				ALWAYS_EMBED_SWIFT_STANDARD_LIBRARIES = YES;
				CODE_SIGN_STYLE = Automatic;
				CURRENT_PROJECT_VERSION = 1;
				DEVELOPMENT_TEAM = AGRWJDL2WT;
				INFOPLIST_KEY_CFBundleDisplayName = TeaWatch;
				MARKETING_VERSION = 1.0;
				PRODUCT_BUNDLE_IDENTIFIER = batuhankucukyildiz.TeaWatch;
				PRODUCT_NAME = "$(TARGET_NAME)";
				SDKROOT = iphoneos;
				SWIFT_VERSION = 5.0;
				VALIDATE_PRODUCT = YES;
			};
			name = Release;
		};
/* End XCBuildConfiguration section */

/* Begin XCConfigurationList section */
		453E56C82B4C83FF0065A552 /* Build configuration list for PBXProject "TeaWatch" */ = {
			isa = XCConfigurationList;
			buildConfigurations = (
				453E56DF2B4C84010065A552 /* Debug */,
				453E56E02B4C84010065A552 /* Release */,
			);
			defaultConfigurationIsVisible = 0;
			defaultConfigurationName = Release;
		};
		453E56E12B4C84010065A552 /* Build configuration list for PBXNativeTarget "TeaWatch Watch App" */ = {
			isa = XCConfigurationList;
			buildConfigurations = (
				453E56E22B4C84010065A552 /* Debug */,
				453E56E32B4C84010065A552 /* Release */,
			);
			defaultConfigurationIsVisible = 0;
			defaultConfigurationName = Release;
		};
		453E56E52B4C84010065A552 /* Build configuration list for PBXNativeTarget "TeaWatch" */ = {
			isa = XCConfigurationList;
			buildConfigurations = (
				453E56E62B4C84010065A552 /* Debug */,
				453E56E72B4C84010065A552 /* Release */,
			);
			defaultConfigurationIsVisible = 0;
			defaultConfigurationName = Release;
		};
/* End XCConfigurationList section */

/* Begin XCRemoteSwiftPackageReference section */
		4553DE392B4D32CD00282403 /* XCRemoteSwiftPackageReference "socket" */ = {
			isa = XCRemoteSwiftPackageReference;
			repositoryURL = "https://github.com/socketio/socket.io-client-swift";
			requirement = {
				branch = master;
				kind = branch;
			};
		};
/* End XCRemoteSwiftPackageReference section */

/* Begin XCSwiftPackageProductDependency section */
		4553DE3A2B4D32CD00282403 /* SocketIO */ = {
			isa = XCSwiftPackageProductDependency;
			package = 4553DE392B4D32CD00282403 /* XCRemoteSwiftPackageReference "socket" */;
			productName = SocketIO;
		};
/* End XCSwiftPackageProductDependency section */
	};
	rootObject = 453E56C52B4C83FF0065A552 /* Project object */;
}
